{
  "name": "feathers-rest",
  "version": "1.8.0",
  "lockfileVersion": 1,
  "requires": true,
  "dependencies": {
    "flat": {
      "version": "1.6.1",
      "resolved": "https://registry.npmjs.org/flat/-/flat-1.6.1.tgz",
      "integrity": "sha1-R2udu3DV6TQNu8A4veCEoglFkhw=",
      "requires": {
        "is-buffer": "1.1.5"
      }
    },
    "is-buffer": {
      "version": "1.1.5",
      "resolved": "https://registry.npmjs.org/is-buffer/-/is-buffer-1.1.5.tgz",
      "integrity": "sha1-Hzsm72E7IUuIy8ojzGwB2Hlh7sw="
    },
    "isarray": {
      "version": "0.0.1",
      "resolved": "https://registry.npmjs.org/isarray/-/isarray-0.0.1.tgz",
      "integrity": "sha1-ihis/Kmo9Bd+Cav8YDiTmwXR7t8="
    },
    "koa-format": {
      "version": "0.1.1",
      "resolved": "https://registry.npmjs.org/koa-format/-/koa-format-0.1.1.tgz",
      "integrity": "sha1-TK50XcYIjf4X5TElUezKmustQAc=",
      "requires": {
        "flat": "1.6.1",
        "methods": "1.1.2",
        "object-path": "0.9.2",
        "path-to-regexp": "1.0.3"
      }
    },
    "methods": {
      "version": "1.1.2",
      "resolved": "https://registry.npmjs.org/methods/-/methods-1.1.2.tgz",
      "integrity": "sha1-VSmk1nZUE07cxSZmVoNbD4Ua/O4="
    },
    "object-path": {
      "version": "0.9.2",
      "resolved": "https://registry.npmjs.org/object-path/-/object-path-0.9.2.tgz",
      "integrity": "sha1-D9mnT8X60a45aLWGvaXGMr1sBaU="
    },
    "path-to-regexp": {
      "version": "1.0.3",
      "resolved": "https://registry.npmjs.org/path-to-regexp/-/path-to-regexp-1.0.3.tgz",
      "integrity": "sha1-7qWjLPgrcUHUmHv+fgVXmQ4tJg4=",
      "requires": {
        "isarray": "0.0.1"
      }
    }
  }
}
